{
  "version": 4,
  "terraform_version": "1.0.8",
  "serial": 7,
  "lineage": "8a86618c-2557-5177-5e6f-eee5f4b95bcc",
  "outputs": {},
  "resources": [
    {
      "module": "module.verify-email",
      "mode": "managed",
      "type": "google_cloudfunctions2_function",
      "name": "function",
      "provider": "provider[\"registry.terraform.io/hashicorp/google\"]",
      "instances": [
        {
          "schema_version": 0,
          "attributes": {
            "build_config": [
              {
                "build": "projects/272011657074/locations/us-central1/builds/05901805-416f-495e-85af-5f13b78c5388",
                "docker_repository": "",
                "entry_point": "main",
                "environment_variables": {},
                "runtime": "nodejs16",
                "source": [
                  {
                    "repo_source": [],
                    "storage_source": [
                      {
                        "bucket": "mr-dev-verify-email-gcf-source",
                        "generation": 0,
                        "object": "function-source.zip"
                      }
                    ]
                  }
                ],
                "worker_pool": ""
              }
            ],
            "description": "handles-email-verification",
            "environment": "GEN_2",
            "event_trigger": [],
            "id": "projects/spotify-application-356414/locations/us-central1/functions/mr-dev-verify-email",
            "labels": {},
            "location": "us-central1",
            "name": "mr-dev-verify-email",
            "project": "spotify-application-356414",
            "service_config": [
              {
                "all_traffic_on_latest_revision": true,
                "available_memory": "256M",
                "environment_variables": {},
                "gcf_uri": "",
                "ingress_settings": "ALLOW_ALL",
                "max_instance_count": 1,
                "min_instance_count": 0,
                "secret_environment_variables": [],
                "secret_volumes": [],
                "service": "projects/spotify-application-356414/locations/us-central1/services/mr-dev-verify-email",
                "service_account_email": "272011657074-compute@developer.gserviceaccount.com",
                "timeout_seconds": 60,
                "uri": "https://mr-dev-verify-email-wgvygz45ba-uc.a.run.app",
                "vpc_connector": "",
                "vpc_connector_egress_settings": ""
              }
            ],
            "state": "ACTIVE",
            "timeouts": null,
            "update_time": "2022-10-30T01:48:17.350856301Z"
          },
          "sensitive_attributes": [],
          "private": "eyJlMmJmYjczMC1lY2FhLTExZTYtOGY4OC0zNDM2M2JjN2M0YzAiOnsiY3JlYXRlIjozNjAwMDAwMDAwMDAwLCJkZWxldGUiOjM2MDAwMDAwMDAwMDAsInVwZGF0ZSI6MzYwMDAwMDAwMDAwMH19",
          "dependencies": [
            "module.verify-email.google_storage_bucket.bucket",
            "module.verify-email.google_storage_bucket_object.object"
          ]
        }
      ]
    },
    {
      "module": "module.verify-email",
      "mode": "managed",
      "type": "google_storage_bucket",
      "name": "bucket",
      "provider": "provider[\"registry.terraform.io/hashicorp/google\"]",
      "instances": [
        {
          "schema_version": 0,
          "attributes": {
            "cors": [],
            "custom_placement_config": [],
            "default_event_based_hold": false,
            "encryption": [],
            "force_destroy": false,
            "id": "mr-dev-verify-email-gcf-source",
            "labels": {},
            "lifecycle_rule": [],
            "location": "US-CENTRAL1",
            "logging": [],
            "name": "mr-dev-verify-email-gcf-source",
            "project": "spotify-application-356414",
            "requester_pays": false,
            "retention_policy": [],
            "self_link": "https://www.googleapis.com/storage/v1/b/mr-dev-verify-email-gcf-source",
            "storage_class": "STANDARD",
            "timeouts": null,
            "uniform_bucket_level_access": true,
            "url": "gs://mr-dev-verify-email-gcf-source",
            "versioning": [],
            "website": []
          },
          "sensitive_attributes": [],
          "private": "eyJlMmJmYjczMC1lY2FhLTExZTYtOGY4OC0zNDM2M2JjN2M0YzAiOnsiY3JlYXRlIjoyNDAwMDAwMDAwMDAsInJlYWQiOjI0MDAwMDAwMDAwMCwidXBkYXRlIjoyNDAwMDAwMDAwMDB9fQ=="
        }
      ]
    },
    {
      "module": "module.verify-email",
      "mode": "managed",
      "type": "google_storage_bucket_object",
      "name": "object",
      "provider": "provider[\"registry.terraform.io/hashicorp/google\"]",
      "instances": [
        {
          "schema_version": 0,
          "attributes": {
            "bucket": "mr-dev-verify-email-gcf-source",
            "cache_control": "",
            "content": null,
            "content_disposition": "",
            "content_encoding": "",
            "content_language": "",
            "content_type": "application/zip",
            "crc32c": "hJDZlQ==",
            "customer_encryption": [],
            "detect_md5hash": "IWxzN7ZFu6cCqcRAAP2LHQ==",
            "event_based_hold": false,
            "id": "mr-dev-verify-email-gcf-source-function-source.zip",
            "kms_key_name": "",
            "md5hash": "IWxzN7ZFu6cCqcRAAP2LHQ==",
            "media_link": "https://storage.googleapis.com/download/storage/v1/b/mr-dev-verify-email-gcf-source/o/function-source.zip?generation=1667094419667347\u0026alt=media",
            "metadata": {},
            "name": "function-source.zip",
            "output_name": "function-source.zip",
            "self_link": "https://www.googleapis.com/storage/v1/b/mr-dev-verify-email-gcf-source/o/function-source.zip",
            "source": "../function.zip",
            "storage_class": "STANDARD",
            "temporary_hold": false,
            "timeouts": null
          },
          "sensitive_attributes": [],
          "private": "eyJlMmJmYjczMC1lY2FhLTExZTYtOGY4OC0zNDM2M2JjN2M0YzAiOnsiY3JlYXRlIjoyNDAwMDAwMDAwMDAsImRlbGV0ZSI6MjQwMDAwMDAwMDAwLCJ1cGRhdGUiOjI0MDAwMDAwMDAwMH19",
          "dependencies": [
            "module.verify-email.google_storage_bucket.bucket"
          ]
        }
      ]
    }
  ]
}
